DEPENDENCIES
  apt
  awscli
    git: git://github.com/shlomoswidler/awscli.git
    revision: d8ed8082b887d7c33e5ff5951178b8c06ee883e7
  newrelic
  opsworks_custom_env
    git: git://github.com/UndoConsulting/opsworks_custom_env.git
    revision: d0b7924347cafb050f078e1607d70d2ca8ddcb7f
  postgresql

GRAPH
  apt (2.3.8)
  awscli (0.2.0)
  build-essential (2.0.0)
  chef_handler (1.1.5)
  curl (1.1.0)
  iis (2.1.0)
    windows (>= 1.2.6)
  ms_dotnet4 (1.0.2)
    windows (>= 0.0.0)
  mysql (5.0.6)
  newrelic (1.0.3)
    curl (>= 0.0.0)
    ms_dotnet4 (>= 0.0.0)
    nodejs (>= 0.0.0)
    php (>= 0.0.0)
    python (>= 0.0.0)
  nodejs (1.3.0)
    apt (>= 0.0.0)
    build-essential (>= 0.0.0)
    yum (>= 0.0.0)
  openssl (1.1.0)
  opsworks_custom_env (0.3.0)
  php (1.4.6)
    build-essential (>= 0.0.0)
    iis (>= 0.0.0)
    mysql (>= 0.0.0)
    windows (>= 0.0.0)
    xml (>= 0.0.0)
    yum-epel (>= 0.0.0)
  postgresql (3.3.4)
    apt (>= 0.0.0)
    build-essential (>= 0.0.0)
    openssl (>= 0.0.0)
  python (1.4.6)
    build-essential (>= 0.0.0)
    yum-epel (>= 0.0.0)
  windows (1.30.2)
    chef_handler (>= 0.0.0)
  xml (1.2.4)
    build-essential (>= 0.0.0)
  yum (3.1.6)
  yum-epel (0.3.4)
    yum (~> 3.0)
