DEPENDENCIES
  apt
  awscli
    git: git://github.com/shlomoswidler/awscli.git
    revision: d8ed8082b887d7c33e5ff5951178b8c06ee883e7
  mirthconnect
    git: git://github.com/developertown/cookbook-mirthconnect.git
    revision: 482c350f1004de11b6492a212e6b8bfe7b8d66cf
  newrelic
    git: git://github.com/developertown/newrelic.git
    revision: 893175f12df764f674805ca514830a529257a8f7
  openswan
    git: git://github.com/developertown/cookbook-openswan.git
    revision: 2723d4803d1452cc1cfe86e87e981d73927ed59f
  opsworks_custom_env
    git: git://github.com/UndoConsulting/opsworks_custom_env.git
    revision: d0b7924347cafb050f078e1607d70d2ca8ddcb7f
  postgresql

GRAPH
  apt (2.3.8)
  awscli (0.2.0)
  build-essential (2.0.0)
  curl (2.0.0)
  mirthconnect (1.1.0)
  newrelic (1.0.3)
    curl (>= 0.0.0)
    python (>= 0.0.0)
  openssl (1.1.0)
  openswan (1.0.0)
  opsworks_custom_env (0.3.0)
  postgresql (3.3.4)
    apt (>= 0.0.0)
    build-essential (>= 0.0.0)
    openssl (>= 0.0.0)
  python (1.4.6)
    build-essential (>= 0.0.0)
    yum-epel (>= 0.0.0)
  yum (3.2.0)
  yum-epel (0.3.6)
    yum (~> 3.0)
